
Microsoft Visual Studio Solution File, Format Version 12.00
# Visual Studio Version 16
VisualStudioVersion = 16.0.29613.14
MinimumVisualStudioVersion = 10.0.40219.1
Project("{FAE04EC0-301F-11D3-BF4B-00C04F79EFBC}") = "BloodTithe", "BloodTithe\BloodTithe.csproj", "{C90872D4-B7A0-42F4-8DF3-02D660259949}"
EndProject
Global
	GlobalSection(SolutionConfigurationPlatforms) = preSolution
		Debug|Any CPU = Debug|Any CPU
		Release|Any CPU = Release|Any CPU
	EndGlobalSection
	GlobalSection(ProjectConfigurationPlatforms) = postSolution
		{C90872D4-B7A0-42F4-8DF3-02D660259949}.Debug|Any CPU.ActiveCfg = Debug|Any CPU
		{C90872D4-B7A0-42F4-8DF3-02D660259949}.Debug|Any CPU.Build.0 = Debug|Any CPU
		{C90872D4-B7A0-42F4-8DF3-02D660259949}.Release|Any CPU.ActiveCfg = Release|Any CPU
		{C90872D4-B7A0-42F4-8DF3-02D660259949}.Release|Any CPU.Build.0 = Release|Any CPU
	EndGlobalSection
	GlobalSection(SolutionProperties) = preSolution
		HideSolutionNode = FALSE
	EndGlobalSection
	GlobalSection(ExtensibilityGlobals) = postSolution
		SolutionGuid = {140091E0-B0A2-457D-84F1-401A141A7053}
	EndGlobalSection
EndGlobal
